{
    "version": 3,
    "terraform_version": "0.10.7",
    "serial": 2,
    "lineage": "d22cbcd5-28b4-460b-b122-ae3b827ec50a",
    "modules": [
        {
            "path": [
                "root"
            ],
            "outputs": {},
            "resources": {
                "aws_s3_bucket.terraform-state-storage-s3": {
                    "type": "aws_s3_bucket",
                    "depends_on": [],
                    "primary": {
                        "id": "elk-terraform-remote-state-storage-s3",
                        "attributes": {
                            "acceleration_status": "",
                            "acl": "private",
                            "arn": "arn:aws:s3:::elk-terraform-remote-state-storage-s3",
                            "bucket": "elk-terraform-remote-state-storage-s3",
                            "bucket_domain_name": "elk-terraform-remote-state-storage-s3.s3.amazonaws.com",
                            "force_destroy": "false",
                            "hosted_zone_id": "Z3GKZC51ZF0DB4",
                            "id": "elk-terraform-remote-state-storage-s3",
                            "logging.#": "0",
                            "region": "eu-west-2",
                            "request_payer": "BucketOwner",
                            "server_side_encryption_configuration.#": "0",
                            "tags.%": "1",
                            "tags.Name": "S3 Remote Terraform State Store",
                            "versioning.#": "1",
                            "versioning.0.enabled": "true",
                            "versioning.0.mfa_delete": "false",
                            "website.#": "0"
                        },
                        "meta": {},
                        "tainted": false
                    },
                    "deposed": [],
                    "provider": ""
                }
            },
            "depends_on": []
        }
    ]
}
